{
  "lockfileVersion": 1,
  "configVersion": 1,
  "workspaces": {
    "": {
      "name": "Brass-Player",
      "devDependencies": {
        "bun-html-live-reload": "^1.0.4",
      },
    },
  },
  "packages": {
    "bun-html-live-reload": ["bun-html-live-reload@1.0.4", "", {}, "sha512-8VF9aK4SXeOcxVhEzI+Ila0iEt4jt2xSZP9JMqG3gDWYRjTCUkqfBonms+50ELryk+MAa8tpDf5Ik8PwbHalUw=="],
  }
}
